
Microsoft Visual Studio Solution File, Format Version 12.00
# Visual Studio 2012
Project("{8BC9CEB8-8B4A-11D0-8D11-00A0C91BC942}") = "frac1", "frac1\frac1.vcxproj", "{9809249E-6120-4BEA-8A6F-343C64F4BDA0}"
EndProject
Global
	GlobalSection(SolutionConfigurationPlatforms) = preSolution
		Debug|Win32 = Debug|Win32
		Release|Win32 = Release|Win32
	EndGlobalSection
	GlobalSection(ProjectConfigurationPlatforms) = postSolution
		{9809249E-6120-4BEA-8A6F-343C64F4BDA0}.Debug|Win32.ActiveCfg = Debug|Win32
		{9809249E-6120-4BEA-8A6F-343C64F4BDA0}.Debug|Win32.Build.0 = Debug|Win32
		{9809249E-6120-4BEA-8A6F-343C64F4BDA0}.Release|Win32.ActiveCfg = Release|Win32
		{9809249E-6120-4BEA-8A6F-343C64F4BDA0}.Release|Win32.Build.0 = Release|Win32
	EndGlobalSection
	GlobalSection(SolutionProperties) = preSolution
		HideSolutionNode = FALSE
	EndGlobalSection
EndGlobal
