
Microsoft Visual Studio Solution File, Format Version 12.00
# Visual Studio 2012
Project("{8BC9CEB8-8B4A-11D0-8D11-00A0C91BC942}") = "money", "money\money.vcxproj", "{C82E0216-8D80-416B-BFE3-67879C9EE509}"
EndProject
Global
	GlobalSection(SolutionConfigurationPlatforms) = preSolution
		Debug|Win32 = Debug|Win32
		Release|Win32 = Release|Win32
	EndGlobalSection
	GlobalSection(ProjectConfigurationPlatforms) = postSolution
		{C82E0216-8D80-416B-BFE3-67879C9EE509}.Debug|Win32.ActiveCfg = Debug|Win32
		{C82E0216-8D80-416B-BFE3-67879C9EE509}.Debug|Win32.Build.0 = Debug|Win32
		{C82E0216-8D80-416B-BFE3-67879C9EE509}.Release|Win32.ActiveCfg = Release|Win32
		{C82E0216-8D80-416B-BFE3-67879C9EE509}.Release|Win32.Build.0 = Release|Win32
	EndGlobalSection
	GlobalSection(SolutionProperties) = preSolution
		HideSolutionNode = FALSE
	EndGlobalSection
EndGlobal
